
Microsoft Visual Studio Solution File, Format Version 11.00
# Visual Studio 2010

Project("{FAE04EC0-301F-11D3-BF4B-00C04F79EFBC}") = "GameServer", "GameServer\GameServer.csproj", "{6F21A6D1-B823-47DD-AD69-EB8B7C9BF8D4}"
EndProject
Project("{FAE04EC0-301F-11D3-BF4B-00C04F79EFBC}") = "GameServerTests", "GameServerTests\GameServerTests.csproj", "{200A32C3-EEC0-470F-889C-43E5DAD6B57F}"
EndProject
Project("{FAE04EC0-301F-11D3-BF4B-00C04F79EFBC}") = "JudgeTests", "JudgeTests\JudgeTests.csproj", "{608C71DC-CB02-459B-86C3-8D2FF7EFF87D}"
EndProject
Project("{FAE04EC0-301F-11D3-BF4B-00C04F79EFBC}") = "GameDataStructures", "GameDataStructures\GameDataStructures.csproj", "{2A701436-8CDE-4596-8477-76D8F0C2393B}"
EndProject
Project("{FAE04EC0-301F-11D3-BF4B-00C04F79EFBC}") = "GameJudge", "GameJudge\GameJudge.csproj", "{097C9974-AE2E-48A2-93C4-42DA5BAC5674}"
EndProject
Project("{FAE04EC0-301F-11D3-BF4B-00C04F79EFBC}") = "GameDSTests", "GameDSTests\GameDSTests.csproj", "{19840A56-2EC0-4818-BB13-69D038279B8C}"
EndProject
Project("{FAE04EC0-301F-11D3-BF4B-00C04F79EFBC}") = "Scripts", "Game\Scripts.csproj", "{C8933BEA-52A1-761E-F572-1CC9E9CAACA2}"
EndProject
Project("{FAE04EC0-301F-11D3-BF4B-00C04F79EFBC}") = "EditMode", "Game\EditMode.csproj", "{0B6E3BBD-0095-AB9C-02D5-AB65608FCE69}"
EndProject
Global
	GlobalSection(SolutionConfigurationPlatforms) = preSolution
		Debug|Any CPU = Debug|Any CPU
		Release|Any CPU = Release|Any CPU
	EndGlobalSection
	GlobalSection(ProjectConfigurationPlatforms) = postSolution

		{C8933BEA-52A1-761E-F572-1CC9E9CAACA2}.Debug|Any CPU.ActiveCfg = Debug|Any CPU
		{C8933BEA-52A1-761E-F572-1CC9E9CAACA2}.Debug|Any CPU.Build.0 = Debug|Any CPU
		{C8933BEA-52A1-761E-F572-1CC9E9CAACA2}.Release|Any CPU.ActiveCfg = Release|Any CPU
		{C8933BEA-52A1-761E-F572-1CC9E9CAACA2}.Release|Any CPU.Build.0 = Release|Any CPU
		{C0BE9F80-7FD9-41B2-D790-7A7F9DB6EC9F}.Debug|Any CPU.ActiveCfg = Debug|Any CPU
		{C0BE9F80-7FD9-41B2-D790-7A7F9DB6EC9F}.Debug|Any CPU.Build.0 = Debug|Any CPU
		{C0BE9F80-7FD9-41B2-D790-7A7F9DB6EC9F}.Release|Any CPU.ActiveCfg = Release|Any CPU
		{C0BE9F80-7FD9-41B2-D790-7A7F9DB6EC9F}.Release|Any CPU.Build.0 = Release|Any CPU
		{6F21A6D1-B823-47DD-AD69-EB8B7C9BF8D4}.Debug|Any CPU.ActiveCfg = Debug|Any CPU
		{6F21A6D1-B823-47DD-AD69-EB8B7C9BF8D4}.Debug|Any CPU.Build.0 = Debug|Any CPU
		{6F21A6D1-B823-47DD-AD69-EB8B7C9BF8D4}.Release|Any CPU.ActiveCfg = Release|Any CPU
		{6F21A6D1-B823-47DD-AD69-EB8B7C9BF8D4}.Release|Any CPU.Build.0 = Release|Any CPU
		{200A32C3-EEC0-470F-889C-43E5DAD6B57F}.Debug|Any CPU.ActiveCfg = Debug|Any CPU
		{200A32C3-EEC0-470F-889C-43E5DAD6B57F}.Debug|Any CPU.Build.0 = Debug|Any CPU
		{200A32C3-EEC0-470F-889C-43E5DAD6B57F}.Release|Any CPU.ActiveCfg = Release|Any CPU
		{200A32C3-EEC0-470F-889C-43E5DAD6B57F}.Release|Any CPU.Build.0 = Release|Any CPU
		{608C71DC-CB02-459B-86C3-8D2FF7EFF87D}.Debug|Any CPU.ActiveCfg = Debug|Any CPU
		{608C71DC-CB02-459B-86C3-8D2FF7EFF87D}.Debug|Any CPU.Build.0 = Debug|Any CPU
		{608C71DC-CB02-459B-86C3-8D2FF7EFF87D}.Release|Any CPU.ActiveCfg = Release|Any CPU
		{608C71DC-CB02-459B-86C3-8D2FF7EFF87D}.Release|Any CPU.Build.0 = Release|Any CPU
		{2A701436-8CDE-4596-8477-76D8F0C2393B}.Debug|Any CPU.ActiveCfg = Debug|Any CPU
		{2A701436-8CDE-4596-8477-76D8F0C2393B}.Debug|Any CPU.Build.0 = Debug|Any CPU
		{2A701436-8CDE-4596-8477-76D8F0C2393B}.Release|Any CPU.ActiveCfg = Release|Any CPU
		{2A701436-8CDE-4596-8477-76D8F0C2393B}.Release|Any CPU.Build.0 = Release|Any CPU
		{097C9974-AE2E-48A2-93C4-42DA5BAC5674}.Debug|Any CPU.ActiveCfg = Debug|Any CPU
		{097C9974-AE2E-48A2-93C4-42DA5BAC5674}.Debug|Any CPU.Build.0 = Debug|Any CPU
		{097C9974-AE2E-48A2-93C4-42DA5BAC5674}.Release|Any CPU.ActiveCfg = Release|Any CPU
		{097C9974-AE2E-48A2-93C4-42DA5BAC5674}.Release|Any CPU.Build.0 = Release|Any CPU
		{19840A56-2EC0-4818-BB13-69D038279B8C}.Debug|Any CPU.ActiveCfg = Debug|Any CPU
		{19840A56-2EC0-4818-BB13-69D038279B8C}.Debug|Any CPU.Build.0 = Debug|Any CPU
		{19840A56-2EC0-4818-BB13-69D038279B8C}.Release|Any CPU.ActiveCfg = Release|Any CPU
		{19840A56-2EC0-4818-BB13-69D038279B8C}.Release|Any CPU.Build.0 = Release|Any CPU
		{196F3426-96BD-E564-A156-57572DB80A48}.Debug|Any CPU.ActiveCfg = Debug|Any CPU
		{196F3426-96BD-E564-A156-57572DB80A48}.Debug|Any CPU.Build.0 = Debug|Any CPU
		{196F3426-96BD-E564-A156-57572DB80A48}.Release|Any CPU.ActiveCfg = Release|Any CPU
		{196F3426-96BD-E564-A156-57572DB80A48}.Release|Any CPU.Build.0 = Release|Any CPU
	EndGlobalSection
	GlobalSection(SolutionProperties) = preSolution
		HideSolutionNode = FALSE
	EndGlobalSection
EndGlobal
